{
  "name": "mock-nested-project",
  "version": "1.0.0",
  "lockfileVersion": 3,
  "requires": true,
  "packages": {
    "": {
      "name": "mock-nested-project",
      "version": "1.0.0"
    },
    "node_modules/foo": {
      "version": "1.0.0",
      "dependencies": {
        "bar": "^1.1.0"
      }
    },
    "node_modules/foo/node_modules/bar": {
      "version": "1.1.0"
    },
    "node_modules/aliased-pkg": {
      "name": "real-pkg-name",
      "version": "2.0.0"
    }
  }
}
